
Microsoft Visual Studio Solution File, Format Version 11.00
# Visual Studio 2010
Project("{FAE04EC0-301F-11D3-BF4B-00C04F79EFBC}") = "Tetris Attack", "Tetris Attack\Tetris Attack\Tetris Attack.csproj", "{33C153ED-80D9-43F7-8F35-950C895A834D}"
EndProject
Project("{96E2B04D-8817-42C6-938A-82C39BA4D311}") = "Tetris AttackContent", "Tetris Attack\Tetris AttackContent\Tetris AttackContent.contentproj", "{ED26D1E1-9E51-4088-A119-939F2C43EF56}"
EndProject
Project("{FAE04EC0-301F-11D3-BF4B-00C04F79EFBC}") = "TetrisAttackServer", "TetrisAttackServer\TetrisAttackServer.csproj", "{208F2E0E-BDAC-446F-B6A4-0AB6C5D61EC9}"
EndProject
Project("{FAE04EC0-301F-11D3-BF4B-00C04F79EFBC}") = "UnitTests", "UnitTests\UnitTests.csproj", "{3232B4D3-7EC9-4C44-BEE9-EC79848311E7}"
EndProject
Project("{2150E333-8FDC-42A3-9474-1A3956D46DE8}") = "Solution Items", "Solution Items", "{6481EC7F-4BE5-4653-A027-9E0E2CC8CA05}"
	ProjectSection(SolutionItems) = preProject
		Local.testsettings = Local.testsettings
		Tetris Attack.vsmdi = Tetris Attack.vsmdi
		TraceAndTestImpact.testsettings = TraceAndTestImpact.testsettings
	EndProjectSection
EndProject
Global
	GlobalSection(TestCaseManagementSettings) = postSolution
		CategoryFile = Tetris Attack.vsmdi
	EndGlobalSection
	GlobalSection(SolutionConfigurationPlatforms) = preSolution
		Debug|Any CPU = Debug|Any CPU
		Debug|x86 = Debug|x86
		Release|Any CPU = Release|Any CPU
		Release|x86 = Release|x86
	EndGlobalSection
	GlobalSection(ProjectConfigurationPlatforms) = postSolution
		{33C153ED-80D9-43F7-8F35-950C895A834D}.Debug|Any CPU.ActiveCfg = Debug|x86
		{33C153ED-80D9-43F7-8F35-950C895A834D}.Debug|x86.ActiveCfg = Debug|x86
		{33C153ED-80D9-43F7-8F35-950C895A834D}.Debug|x86.Build.0 = Debug|x86
		{33C153ED-80D9-43F7-8F35-950C895A834D}.Release|Any CPU.ActiveCfg = Release|x86
		{33C153ED-80D9-43F7-8F35-950C895A834D}.Release|x86.ActiveCfg = Release|x86
		{33C153ED-80D9-43F7-8F35-950C895A834D}.Release|x86.Build.0 = Release|x86
		{ED26D1E1-9E51-4088-A119-939F2C43EF56}.Debug|Any CPU.ActiveCfg = Debug|x86
		{ED26D1E1-9E51-4088-A119-939F2C43EF56}.Debug|x86.ActiveCfg = Debug|x86
		{ED26D1E1-9E51-4088-A119-939F2C43EF56}.Release|Any CPU.ActiveCfg = Release|x86
		{ED26D1E1-9E51-4088-A119-939F2C43EF56}.Release|x86.ActiveCfg = Release|x86
		{208F2E0E-BDAC-446F-B6A4-0AB6C5D61EC9}.Debug|Any CPU.ActiveCfg = Debug|Any CPU
		{208F2E0E-BDAC-446F-B6A4-0AB6C5D61EC9}.Debug|Any CPU.Build.0 = Debug|Any CPU
		{208F2E0E-BDAC-446F-B6A4-0AB6C5D61EC9}.Debug|x86.ActiveCfg = Debug|Any CPU
		{208F2E0E-BDAC-446F-B6A4-0AB6C5D61EC9}.Debug|x86.Build.0 = Debug|Any CPU
		{208F2E0E-BDAC-446F-B6A4-0AB6C5D61EC9}.Release|Any CPU.ActiveCfg = Release|Any CPU
		{208F2E0E-BDAC-446F-B6A4-0AB6C5D61EC9}.Release|Any CPU.Build.0 = Release|Any CPU
		{208F2E0E-BDAC-446F-B6A4-0AB6C5D61EC9}.Release|x86.ActiveCfg = Release|Any CPU
		{3232B4D3-7EC9-4C44-BEE9-EC79848311E7}.Debug|Any CPU.ActiveCfg = Debug|Any CPU
		{3232B4D3-7EC9-4C44-BEE9-EC79848311E7}.Debug|Any CPU.Build.0 = Debug|Any CPU
		{3232B4D3-7EC9-4C44-BEE9-EC79848311E7}.Debug|x86.ActiveCfg = Debug|Any CPU
		{3232B4D3-7EC9-4C44-BEE9-EC79848311E7}.Debug|x86.Build.0 = Debug|Any CPU
		{3232B4D3-7EC9-4C44-BEE9-EC79848311E7}.Release|Any CPU.ActiveCfg = Release|Any CPU
		{3232B4D3-7EC9-4C44-BEE9-EC79848311E7}.Release|Any CPU.Build.0 = Release|Any CPU
		{3232B4D3-7EC9-4C44-BEE9-EC79848311E7}.Release|x86.ActiveCfg = Release|Any CPU
	EndGlobalSection
	GlobalSection(SolutionProperties) = preSolution
		HideSolutionNode = FALSE
	EndGlobalSection
EndGlobal
